
Microsoft Visual Studio Solution File, Format Version 12.00
# Visual Studio Version 17
VisualStudioVersion = 17.0.31903.59
MinimumVisualStudioVersion = 10.0.40219.1
Project("{FAE04EC0-301F-11D3-BF4B-00C04F79EFBC}") = "TexasHoldEm", "TexasHoldEm\TexasHoldEm.csproj", "{B006D2EA-5C6E-4AF8-9A85-F74700DF4CAC}"
EndProject
Project("{FAE04EC0-301F-11D3-BF4B-00C04F79EFBC}") = "Test", "Test\Test.csproj", "{6365CE30-9655-4754-B56A-AEC50894E4C5}"
EndProject
Global
	GlobalSection(SolutionConfigurationPlatforms) = preSolution
		Debug|Any CPU = Debug|Any CPU
		Release|Any CPU = Release|Any CPU
	EndGlobalSection
	GlobalSection(SolutionProperties) = preSolution
		HideSolutionNode = FALSE
	EndGlobalSection
	GlobalSection(ProjectConfigurationPlatforms) = postSolution
		{B006D2EA-5C6E-4AF8-9A85-F74700DF4CAC}.Debug|Any CPU.ActiveCfg = Debug|Any CPU
		{B006D2EA-5C6E-4AF8-9A85-F74700DF4CAC}.Debug|Any CPU.Build.0 = Debug|Any CPU
		{B006D2EA-5C6E-4AF8-9A85-F74700DF4CAC}.Release|Any CPU.ActiveCfg = Release|Any CPU
		{B006D2EA-5C6E-4AF8-9A85-F74700DF4CAC}.Release|Any CPU.Build.0 = Release|Any CPU
		{6365CE30-9655-4754-B56A-AEC50894E4C5}.Debug|Any CPU.ActiveCfg = Debug|Any CPU
		{6365CE30-9655-4754-B56A-AEC50894E4C5}.Debug|Any CPU.Build.0 = Debug|Any CPU
		{6365CE30-9655-4754-B56A-AEC50894E4C5}.Release|Any CPU.ActiveCfg = Release|Any CPU
		{6365CE30-9655-4754-B56A-AEC50894E4C5}.Release|Any CPU.Build.0 = Release|Any CPU
	EndGlobalSection
EndGlobal
